
Microsoft Visual Studio Solution File, Format Version 12.00
# Visual Studio 14
VisualStudioVersion = 14.0.24720.0
MinimumVisualStudioVersion = 10.0.40219.1
Project("{FAE04EC0-301F-11D3-BF4B-00C04F79EFBC}") = "SmartGraphy.OnlineOderingSystem", "SmartGraphy.OnlineOderingSystem\SmartGraphy.OnlineOderingSystem.csproj", "{241AEBFC-1A74-452F-899C-22FE30A0001A}"
EndProject
Project("{FAE04EC0-301F-11D3-BF4B-00C04F79EFBC}") = "SmartGraphy.OnlineOrderingSystem.Core", "SmartGraphy.OnlineOrderingSystem.Core\SmartGraphy.OnlineOrderingSystem.Core.csproj", "{40ACCEB8-4D5D-44E6-B0CD-070A42E41756}"
EndProject
Global
	GlobalSection(SolutionConfigurationPlatforms) = preSolution
		Debug|Any CPU = Debug|Any CPU
		Release|Any CPU = Release|Any CPU
	EndGlobalSection
	GlobalSection(ProjectConfigurationPlatforms) = postSolution
		{241AEBFC-1A74-452F-899C-22FE30A0001A}.Debug|Any CPU.ActiveCfg = Debug|Any CPU
		{241AEBFC-1A74-452F-899C-22FE30A0001A}.Debug|Any CPU.Build.0 = Debug|Any CPU
		{241AEBFC-1A74-452F-899C-22FE30A0001A}.Release|Any CPU.ActiveCfg = Release|Any CPU
		{241AEBFC-1A74-452F-899C-22FE30A0001A}.Release|Any CPU.Build.0 = Release|Any CPU
		{40ACCEB8-4D5D-44E6-B0CD-070A42E41756}.Debug|Any CPU.ActiveCfg = Debug|Any CPU
		{40ACCEB8-4D5D-44E6-B0CD-070A42E41756}.Debug|Any CPU.Build.0 = Debug|Any CPU
		{40ACCEB8-4D5D-44E6-B0CD-070A42E41756}.Release|Any CPU.ActiveCfg = Release|Any CPU
		{40ACCEB8-4D5D-44E6-B0CD-070A42E41756}.Release|Any CPU.Build.0 = Release|Any CPU
	EndGlobalSection
	GlobalSection(SolutionProperties) = preSolution
		HideSolutionNode = FALSE
	EndGlobalSection
EndGlobal
